// !$*UTF8*$!
{
	archiveVersion = 1;
	classes = {
	};
	objectVersion = 55;
	objects = {

/* Begin PBXBuildFile section */
		880849DA27ABBD310006EC4F /* FullCastApp.swift in Sources */ = {isa = PBXBuildFile; fileRef = 880849D927ABBD310006EC4F /* FullCastApp.swift */; };
		880849DC27ABBD310006EC4F /* LoginView.swift in Sources */ = {isa = PBXBuildFile; fileRef = 880849DB27ABBD310006EC4F /* LoginView.swift */; };
		880849DE27ABBD340006EC4F /* Assets.xcassets in Resources */ = {isa = PBXBuildFile; fileRef = 880849DD27ABBD340006EC4F /* Assets.xcassets */; };
		880849E127ABBD340006EC4F /* Preview Assets.xcassets in Resources */ = {isa = PBXBuildFile; fileRef = 880849E027ABBD340006EC4F /* Preview Assets.xcassets */; };
		880849F127ABE28A0006EC4F /* SignUpView.swift in Sources */ = {isa = PBXBuildFile; fileRef = 880849F027ABE28A0006EC4F /* SignUpView.swift */; };
		880849F427ABE4A50006EC4F /* PrimaryButton.swift in Sources */ = {isa = PBXBuildFile; fileRef = 880849F327ABE4A50006EC4F /* PrimaryButton.swift */; };
		880849F627ABED110006EC4F /* Authentication.swift in Sources */ = {isa = PBXBuildFile; fileRef = 880849F527ABED110006EC4F /* Authentication.swift */; };
		880849F827ABED830006EC4F /* AuthenticationViewModel.swift in Sources */ = {isa = PBXBuildFile; fileRef = 880849F727ABED830006EC4F /* AuthenticationViewModel.swift */; };
		88272F6327AFF30B000B2AAC /* Extensions.swift in Sources */ = {isa = PBXBuildFile; fileRef = 88272F6227AFF30B000B2AAC /* Extensions.swift */; };
		8830AFB827C24FE100274064 /* Notification.swift in Sources */ = {isa = PBXBuildFile; fileRef = 8830AFB727C24FE100274064 /* Notification.swift */; };
		8830AFBB27C26BD600274064 /* Controller.swift in Sources */ = {isa = PBXBuildFile; fileRef = 8830AFBA27C26BD600274064 /* Controller.swift */; };
		884643AF27B22CE400E5AAD4 /* RecordingCell.swift in Sources */ = {isa = PBXBuildFile; fileRef = 884643AE27B22CE400E5AAD4 /* RecordingCell.swift */; };
		884643B127B234B200E5AAD4 /* CategoryView.swift in Sources */ = {isa = PBXBuildFile; fileRef = 884643B027B234B200E5AAD4 /* CategoryView.swift */; };
		8862A92727BA19E300B0A9DF /* FullCastTests.swift in Sources */ = {isa = PBXBuildFile; fileRef = 8862A92627BA19E300B0A9DF /* FullCastTests.swift */; };
		886874AD27AFB57800BF2692 /* CoreDataController.swift in Sources */ = {isa = PBXBuildFile; fileRef = 886874AC27AFB57700BF2692 /* CoreDataController.swift */; };
		886874B027AFB67900BF2692 /* FullCast.xcdatamodeld in Sources */ = {isa = PBXBuildFile; fileRef = 886874AE27AFB67900BF2692 /* FullCast.xcdatamodeld */; };
		886E2E3427BF7F7B0069A39D /* Recording+CoreDataClass.swift in Sources */ = {isa = PBXBuildFile; fileRef = 886E2E3027BF7F7B0069A39D /* Recording+CoreDataClass.swift */; };
		886E2E3527BF7F7B0069A39D /* Recording+CoreDataProperties.swift in Sources */ = {isa = PBXBuildFile; fileRef = 886E2E3127BF7F7B0069A39D /* Recording+CoreDataProperties.swift */; };
		886E2E3627BF7F7B0069A39D /* Category+CoreDataClass.swift in Sources */ = {isa = PBXBuildFile; fileRef = 886E2E3227BF7F7B0069A39D /* Category+CoreDataClass.swift */; };
		886E2E3727BF7F7B0069A39D /* Category+CoreDataProperties.swift in Sources */ = {isa = PBXBuildFile; fileRef = 886E2E3327BF7F7B0069A39D /* Category+CoreDataProperties.swift */; };
		886E2E3A27BFB6900069A39D /* NotificationViewModel.swift in Sources */ = {isa = PBXBuildFile; fileRef = 886E2E3927BFB6900069A39D /* NotificationViewModel.swift */; };
		8872BABA27ACEF4200643352 /* RecorderView.swift in Sources */ = {isa = PBXBuildFile; fileRef = 8872BAB927ACEF4200643352 /* RecorderView.swift */; };
		8872BABC27AD0AFE00643352 /* RecorderViewModel.swift in Sources */ = {isa = PBXBuildFile; fileRef = 8872BABB27AD0AFE00643352 /* RecorderViewModel.swift */; };
		8872BABE27AD0F5700643352 /* RecordDetails.swift in Sources */ = {isa = PBXBuildFile; fileRef = 8872BABD27AD0F5700643352 /* RecordDetails.swift */; };
		8879D9D727B14513004E19C0 /* Constants.swift in Sources */ = {isa = PBXBuildFile; fileRef = 8879D9D627B14513004E19C0 /* Constants.swift */; };
		889E4D4027B25F3B00173B4C /* CategoryViewModel.swift in Sources */ = {isa = PBXBuildFile; fileRef = 889E4D3F27B25F3B00173B4C /* CategoryViewModel.swift */; };
		889E4D4427B27B1100173B4C /* Category.swift in Sources */ = {isa = PBXBuildFile; fileRef = 889E4D4327B27B1100173B4C /* Category.swift */; };
		88DFD8B327B10865008E39B1 /* Recorder.swift in Sources */ = {isa = PBXBuildFile; fileRef = 88DFD8B227B10865008E39B1 /* Recorder.swift */; };
		88DFD8B527B1092C008E39B1 /* AlertDetails.swift in Sources */ = {isa = PBXBuildFile; fileRef = 88DFD8B427B1092C008E39B1 /* AlertDetails.swift */; };
/* End PBXBuildFile section */

/* Begin PBXContainerItemProxy section */
		8862A92827BA19E300B0A9DF /* PBXContainerItemProxy */ = {
			isa = PBXContainerItemProxy;
			containerPortal = 880849CE27ABBD310006EC4F /* Project object */;
			proxyType = 1;
			remoteGlobalIDString = 880849D527ABBD310006EC4F;
			remoteInfo = FullCast;
		};
/* End PBXContainerItemProxy section */

/* Begin PBXFileReference section */
		880849D627ABBD310006EC4F /* FullCast.app */ = {isa = PBXFileReference; explicitFileType = wrapper.application; includeInIndex = 0; path = FullCast.app; sourceTree = BUILT_PRODUCTS_DIR; };
		880849D927ABBD310006EC4F /* FullCastApp.swift */ = {isa = PBXFileReference; lastKnownFileType = sourcecode.swift; path = FullCastApp.swift; sourceTree = "<group>"; };
		880849DB27ABBD310006EC4F /* LoginView.swift */ = {isa = PBXFileReference; lastKnownFileType = sourcecode.swift; path = LoginView.swift; sourceTree = "<group>"; };
		880849DD27ABBD340006EC4F /* Assets.xcassets */ = {isa = PBXFileReference; lastKnownFileType = folder.assetcatalog; path = Assets.xcassets; sourceTree = "<group>"; };
		880849E027ABBD340006EC4F /* Preview Assets.xcassets */ = {isa = PBXFileReference; lastKnownFileType = folder.assetcatalog; path = "Preview Assets.xcassets"; sourceTree = "<group>"; };
		880849F027ABE28A0006EC4F /* SignUpView.swift */ = {isa = PBXFileReference; lastKnownFileType = sourcecode.swift; path = SignUpView.swift; sourceTree = "<group>"; };
		880849F327ABE4A50006EC4F /* PrimaryButton.swift */ = {isa = PBXFileReference; lastKnownFileType = sourcecode.swift; path = PrimaryButton.swift; sourceTree = "<group>"; };
		880849F527ABED110006EC4F /* Authentication.swift */ = {isa = PBXFileReference; lastKnownFileType = sourcecode.swift; path = Authentication.swift; sourceTree = "<group>"; };
		880849F727ABED830006EC4F /* AuthenticationViewModel.swift */ = {isa = PBXFileReference; lastKnownFileType = sourcecode.swift; path = AuthenticationViewModel.swift; sourceTree = "<group>"; };
		88272F6227AFF30B000B2AAC /* Extensions.swift */ = {isa = PBXFileReference; lastKnownFileType = sourcecode.swift; path = Extensions.swift; sourceTree = "<group>"; };
		8830AFB727C24FE100274064 /* Notification.swift */ = {isa = PBXFileReference; lastKnownFileType = sourcecode.swift; path = Notification.swift; sourceTree = "<group>"; };
		8830AFBA27C26BD600274064 /* Controller.swift */ = {isa = PBXFileReference; lastKnownFileType = sourcecode.swift; path = Controller.swift; sourceTree = "<group>"; };
		884643AE27B22CE400E5AAD4 /* RecordingCell.swift */ = {isa = PBXFileReference; lastKnownFileType = sourcecode.swift; path = RecordingCell.swift; sourceTree = "<group>"; };
		884643B027B234B200E5AAD4 /* CategoryView.swift */ = {isa = PBXFileReference; lastKnownFileType = sourcecode.swift; path = CategoryView.swift; sourceTree = "<group>"; };
		8862A92427BA19E200B0A9DF /* FullCastTests.xctest */ = {isa = PBXFileReference; explicitFileType = wrapper.cfbundle; includeInIndex = 0; path = FullCastTests.xctest; sourceTree = BUILT_PRODUCTS_DIR; };
		8862A92627BA19E300B0A9DF /* FullCastTests.swift */ = {isa = PBXFileReference; lastKnownFileType = sourcecode.swift; path = FullCastTests.swift; sourceTree = "<group>"; };
		886874AC27AFB57700BF2692 /* CoreDataController.swift */ = {isa = PBXFileReference; lastKnownFileType = sourcecode.swift; path = CoreDataController.swift; sourceTree = "<group>"; };
		886874AF27AFB67900BF2692 /* FullCast.xcdatamodel */ = {isa = PBXFileReference; lastKnownFileType = wrapper.xcdatamodel; path = FullCast.xcdatamodel; sourceTree = "<group>"; };
		886E2E3027BF7F7B0069A39D /* Recording+CoreDataClass.swift */ = {isa = PBXFileReference; lastKnownFileType = sourcecode.swift; name = "Recording+CoreDataClass.swift"; path = "../../Recording+CoreDataClass.swift"; sourceTree = "<group>"; };
		886E2E3127BF7F7B0069A39D /* Recording+CoreDataProperties.swift */ = {isa = PBXFileReference; lastKnownFileType = sourcecode.swift; path = "Recording+CoreDataProperties.swift"; sourceTree = "<group>"; };
		886E2E3227BF7F7B0069A39D /* Category+CoreDataClass.swift */ = {isa = PBXFileReference; lastKnownFileType = sourcecode.swift; name = "Category+CoreDataClass.swift"; path = "../../Category+CoreDataClass.swift"; sourceTree = "<group>"; };
		886E2E3327BF7F7B0069A39D /* Category+CoreDataProperties.swift */ = {isa = PBXFileReference; lastKnownFileType = sourcecode.swift; path = "Category+CoreDataProperties.swift"; sourceTree = "<group>"; };
		886E2E3927BFB6900069A39D /* NotificationViewModel.swift */ = {isa = PBXFileReference; lastKnownFileType = sourcecode.swift; path = NotificationViewModel.swift; sourceTree = "<group>"; };
		8872BAB927ACEF4200643352 /* RecorderView.swift */ = {isa = PBXFileReference; lastKnownFileType = sourcecode.swift; path = RecorderView.swift; sourceTree = "<group>"; };
		8872BABB27AD0AFE00643352 /* RecorderViewModel.swift */ = {isa = PBXFileReference; lastKnownFileType = sourcecode.swift; path = RecorderViewModel.swift; sourceTree = "<group>"; };
		8872BABD27AD0F5700643352 /* RecordDetails.swift */ = {isa = PBXFileReference; lastKnownFileType = sourcecode.swift; path = RecordDetails.swift; sourceTree = "<group>"; };
		8879D9D627B14513004E19C0 /* Constants.swift */ = {isa = PBXFileReference; lastKnownFileType = sourcecode.swift; path = Constants.swift; sourceTree = "<group>"; };
		889E4D3F27B25F3B00173B4C /* CategoryViewModel.swift */ = {isa = PBXFileReference; lastKnownFileType = sourcecode.swift; path = CategoryViewModel.swift; sourceTree = "<group>"; };
		889E4D4327B27B1100173B4C /* Category.swift */ = {isa = PBXFileReference; lastKnownFileType = sourcecode.swift; path = Category.swift; sourceTree = "<group>"; };
		88DFD8B227B10865008E39B1 /* Recorder.swift */ = {isa = PBXFileReference; lastKnownFileType = sourcecode.swift; path = Recorder.swift; sourceTree = "<group>"; };
		88DFD8B427B1092C008E39B1 /* AlertDetails.swift */ = {isa = PBXFileReference; lastKnownFileType = sourcecode.swift; path = AlertDetails.swift; sourceTree = "<group>"; };
/* End PBXFileReference section */

/* Begin PBXFrameworksBuildPhase section */
		880849D327ABBD310006EC4F /* Frameworks */ = {
			isa = PBXFrameworksBuildPhase;
			buildActionMask = 2147483647;
			files = (
			);
			runOnlyForDeploymentPostprocessing = 0;
		};
		8862A92127BA19E200B0A9DF /* Frameworks */ = {
			isa = PBXFrameworksBuildPhase;
			buildActionMask = 2147483647;
			files = (
			);
			runOnlyForDeploymentPostprocessing = 0;
		};
/* End PBXFrameworksBuildPhase section */

/* Begin PBXGroup section */
		880849CD27ABBD310006EC4F = {
			isa = PBXGroup;
			children = (
				880849D827ABBD310006EC4F /* FullCast */,
				8862A92527BA19E300B0A9DF /* FullCastTests */,
				880849D727ABBD310006EC4F /* Products */,
			);
			sourceTree = "<group>";
		};
		880849D727ABBD310006EC4F /* Products */ = {
			isa = PBXGroup;
			children = (
				880849D627ABBD310006EC4F /* FullCast.app */,
				8862A92427BA19E200B0A9DF /* FullCastTests.xctest */,
			);
			name = Products;
			sourceTree = "<group>";
		};
		880849D827ABBD310006EC4F /* FullCast */ = {
			isa = PBXGroup;
			children = (
				880849D927ABBD310006EC4F /* FullCastApp.swift */,
				886874AC27AFB57700BF2692 /* CoreDataController.swift */,
				889E4D4D27B282BC00173B4C /* NSManagedObject */,
				880849ED27ABC3140006EC4F /* Model */,
				880849EC27ABC30B0006EC4F /* View */,
				880849EE27ABC31D0006EC4F /* ViewModel */,
				880849F227ABE4720006EC4F /* Components */,
				8879D9D527B144F3004E19C0 /* Helper */,
				88272F6227AFF30B000B2AAC /* Extensions.swift */,
				880849DD27ABBD340006EC4F /* Assets.xcassets */,
				886874AE27AFB67900BF2692 /* FullCast.xcdatamodeld */,
				880849DF27ABBD340006EC4F /* Preview Content */,
			);
			path = FullCast;
			sourceTree = "<group>";
		};
		880849DF27ABBD340006EC4F /* Preview Content */ = {
			isa = PBXGroup;
			children = (
				880849E027ABBD340006EC4F /* Preview Assets.xcassets */,
			);
			path = "Preview Content";
			sourceTree = "<group>";
		};
		880849EC27ABC30B0006EC4F /* View */ = {
			isa = PBXGroup;
			children = (
				880849EF27ABC32C0006EC4F /* Authentication */,
				8872BAB827ACEF1900643352 /* Recorder */,
			);
			path = View;
			sourceTree = "<group>";
		};
		880849ED27ABC3140006EC4F /* Model */ = {
			isa = PBXGroup;
			children = (
				880849F527ABED110006EC4F /* Authentication.swift */,
				88DFD8B427B1092C008E39B1 /* AlertDetails.swift */,
				889E4D4127B27ACD00173B4C /* Recorder */,
				889E4D4227B27AE200173B4C /* Category */,
				8830AFB627C24FC400274064 /* Notification */,
			);
			path = Model;
			sourceTree = "<group>";
		};
		880849EE27ABC31D0006EC4F /* ViewModel */ = {
			isa = PBXGroup;
			children = (
				880849F727ABED830006EC4F /* AuthenticationViewModel.swift */,
				8872BABB27AD0AFE00643352 /* RecorderViewModel.swift */,
				889E4D3F27B25F3B00173B4C /* CategoryViewModel.swift */,
				886E2E3927BFB6900069A39D /* NotificationViewModel.swift */,
			);
			path = ViewModel;
			sourceTree = "<group>";
		};
		880849EF27ABC32C0006EC4F /* Authentication */ = {
			isa = PBXGroup;
			children = (
				880849DB27ABBD310006EC4F /* LoginView.swift */,
				880849F027ABE28A0006EC4F /* SignUpView.swift */,
			);
			path = Authentication;
			sourceTree = "<group>";
		};
		880849F227ABE4720006EC4F /* Components */ = {
			isa = PBXGroup;
			children = (
				880849F327ABE4A50006EC4F /* PrimaryButton.swift */,
				884643AE27B22CE400E5AAD4 /* RecordingCell.swift */,
				8830AFBA27C26BD600274064 /* Controller.swift */,
			);
			path = Components;
			sourceTree = "<group>";
		};
		8830AFB627C24FC400274064 /* Notification */ = {
			isa = PBXGroup;
			children = (
				8830AFB727C24FE100274064 /* Notification.swift */,
			);
			path = Notification;
			sourceTree = "<group>";
		};
		8862A92527BA19E300B0A9DF /* FullCastTests */ = {
			isa = PBXGroup;
			children = (
				8862A92627BA19E300B0A9DF /* FullCastTests.swift */,
			);
			path = FullCastTests;
			sourceTree = "<group>";
		};
		8872BAB827ACEF1900643352 /* Recorder */ = {
			isa = PBXGroup;
			children = (
				884643B027B234B200E5AAD4 /* CategoryView.swift */,
				8872BAB927ACEF4200643352 /* RecorderView.swift */,
			);
			path = Recorder;
			sourceTree = "<group>";
		};
		8879D9D527B144F3004E19C0 /* Helper */ = {
			isa = PBXGroup;
			children = (
				8879D9D627B14513004E19C0 /* Constants.swift */,
			);
			path = Helper;
			sourceTree = "<group>";
		};
		889E4D4127B27ACD00173B4C /* Recorder */ = {
			isa = PBXGroup;
			children = (
				88DFD8B227B10865008E39B1 /* Recorder.swift */,
				8872BABD27AD0F5700643352 /* RecordDetails.swift */,
			);
			path = Recorder;
			sourceTree = "<group>";
		};
		889E4D4227B27AE200173B4C /* Category */ = {
			isa = PBXGroup;
			children = (
				889E4D4327B27B1100173B4C /* Category.swift */,
			);
			path = Category;
			sourceTree = "<group>";
		};
		889E4D4D27B282BC00173B4C /* NSManagedObject */ = {
			isa = PBXGroup;
			children = (
				886E2E3027BF7F7B0069A39D /* Recording+CoreDataClass.swift */,
				886E2E3127BF7F7B0069A39D /* Recording+CoreDataProperties.swift */,
				886E2E3227BF7F7B0069A39D /* Category+CoreDataClass.swift */,
				886E2E3327BF7F7B0069A39D /* Category+CoreDataProperties.swift */,
			);
			path = NSManagedObject;
			sourceTree = "<group>";
		};
/* End PBXGroup section */

/* Begin PBXNativeTarget section */
		880849D527ABBD310006EC4F /* FullCast */ = {
			isa = PBXNativeTarget;
			buildConfigurationList = 880849E927ABBD340006EC4F /* Build configuration list for PBXNativeTarget "FullCast" */;
			buildPhases = (
				880849D227ABBD310006EC4F /* Sources */,
				880849D327ABBD310006EC4F /* Frameworks */,
				880849D427ABBD310006EC4F /* Resources */,
			);
			buildRules = (
			);
			dependencies = (
			);
			name = FullCast;
			productName = FullCast;
			productReference = 880849D627ABBD310006EC4F /* FullCast.app */;
			productType = "com.apple.product-type.application";
		};
		8862A92327BA19E200B0A9DF /* FullCastTests */ = {
			isa = PBXNativeTarget;
			buildConfigurationList = 8862A92C27BA19E300B0A9DF /* Build configuration list for PBXNativeTarget "FullCastTests" */;
			buildPhases = (
				8862A92027BA19E200B0A9DF /* Sources */,
				8862A92127BA19E200B0A9DF /* Frameworks */,
				8862A92227BA19E200B0A9DF /* Resources */,
			);
			buildRules = (
			);
			dependencies = (
				8862A92927BA19E300B0A9DF /* PBXTargetDependency */,
			);
			name = FullCastTests;
			productName = FullCastTests;
			productReference = 8862A92427BA19E200B0A9DF /* FullCastTests.xctest */;
			productType = "com.apple.product-type.bundle.unit-test";
		};
/* End PBXNativeTarget section */

/* Begin PBXProject section */
		880849CE27ABBD310006EC4F /* Project object */ = {
			isa = PBXProject;
			attributes = {
				BuildIndependentTargetsInParallel = 1;
				LastSwiftUpdateCheck = 1320;
				LastUpgradeCheck = 1320;
				TargetAttributes = {
					880849D527ABBD310006EC4F = {
						CreatedOnToolsVersion = 13.2.1;
					};
					8862A92327BA19E200B0A9DF = {
						CreatedOnToolsVersion = 13.2.1;
						TestTargetID = 880849D527ABBD310006EC4F;
					};
				};
			};
			buildConfigurationList = 880849D127ABBD310006EC4F /* Build configuration list for PBXProject "FullCast" */;
			compatibilityVersion = "Xcode 13.0";
			developmentRegion = en;
			hasScannedForEncodings = 0;
			knownRegions = (
				en,
				Base,
			);
			mainGroup = 880849CD27ABBD310006EC4F;
			productRefGroup = 880849D727ABBD310006EC4F /* Products */;
			projectDirPath = "";
			projectRoot = "";
			targets = (
				880849D527ABBD310006EC4F /* FullCast */,
				8862A92327BA19E200B0A9DF /* FullCastTests */,
			);
		};
/* End PBXProject section */

/* Begin PBXResourcesBuildPhase section */
		880849D427ABBD310006EC4F /* Resources */ = {
			isa = PBXResourcesBuildPhase;
			buildActionMask = 2147483647;
			files = (
				880849E127ABBD340006EC4F /* Preview Assets.xcassets in Resources */,
				880849DE27ABBD340006EC4F /* Assets.xcassets in Resources */,
			);
			runOnlyForDeploymentPostprocessing = 0;
		};
		8862A92227BA19E200B0A9DF /* Resources */ = {
			isa = PBXResourcesBuildPhase;
			buildActionMask = 2147483647;
			files = (
			);
			runOnlyForDeploymentPostprocessing = 0;
		};
/* End PBXResourcesBuildPhase section */

/* Begin PBXSourcesBuildPhase section */
		880849D227ABBD310006EC4F /* Sources */ = {
			isa = PBXSourcesBuildPhase;
			buildActionMask = 2147483647;
			files = (
				880849F627ABED110006EC4F /* Authentication.swift in Sources */,
				886E2E3627BF7F7B0069A39D /* Category+CoreDataClass.swift in Sources */,
				884643B127B234B200E5AAD4 /* CategoryView.swift in Sources */,
				889E4D4427B27B1100173B4C /* Category.swift in Sources */,
				880849F427ABE4A50006EC4F /* PrimaryButton.swift in Sources */,
				886874AD27AFB57800BF2692 /* CoreDataController.swift in Sources */,
				886874B027AFB67900BF2692 /* FullCast.xcdatamodeld in Sources */,
				8830AFBB27C26BD600274064 /* Controller.swift in Sources */,
				8872BABA27ACEF4200643352 /* RecorderView.swift in Sources */,
				886E2E3527BF7F7B0069A39D /* Recording+CoreDataProperties.swift in Sources */,
				8879D9D727B14513004E19C0 /* Constants.swift in Sources */,
				886E2E3427BF7F7B0069A39D /* Recording+CoreDataClass.swift in Sources */,
				880849F127ABE28A0006EC4F /* SignUpView.swift in Sources */,
				8872BABC27AD0AFE00643352 /* RecorderViewModel.swift in Sources */,
				88272F6327AFF30B000B2AAC /* Extensions.swift in Sources */,
				880849F827ABED830006EC4F /* AuthenticationViewModel.swift in Sources */,
				880849DC27ABBD310006EC4F /* LoginView.swift in Sources */,
				8830AFB827C24FE100274064 /* Notification.swift in Sources */,
				886E2E3727BF7F7B0069A39D /* Category+CoreDataProperties.swift in Sources */,
				886E2E3A27BFB6900069A39D /* NotificationViewModel.swift in Sources */,
				884643AF27B22CE400E5AAD4 /* RecordingCell.swift in Sources */,
				880849DA27ABBD310006EC4F /* FullCastApp.swift in Sources */,
				88DFD8B527B1092C008E39B1 /* AlertDetails.swift in Sources */,
				8872BABE27AD0F5700643352 /* RecordDetails.swift in Sources */,
				889E4D4027B25F3B00173B4C /* CategoryViewModel.swift in Sources */,
				88DFD8B327B10865008E39B1 /* Recorder.swift in Sources */,
			);
			runOnlyForDeploymentPostprocessing = 0;
		};
		8862A92027BA19E200B0A9DF /* Sources */ = {
			isa = PBXSourcesBuildPhase;
			buildActionMask = 2147483647;
			files = (
				8862A92727BA19E300B0A9DF /* FullCastTests.swift in Sources */,
			);
			runOnlyForDeploymentPostprocessing = 0;
		};
/* End PBXSourcesBuildPhase section */

/* Begin PBXTargetDependency section */
		8862A92927BA19E300B0A9DF /* PBXTargetDependency */ = {
			isa = PBXTargetDependency;
			target = 880849D527ABBD310006EC4F /* FullCast */;
			targetProxy = 8862A92827BA19E300B0A9DF /* PBXContainerItemProxy */;
		};
/* End PBXTargetDependency section */

/* Begin XCBuildConfiguration section */
		880849E727ABBD340006EC4F /* Debug */ = {
			isa = XCBuildConfiguration;
			buildSettings = {
				ALWAYS_SEARCH_USER_PATHS = NO;
				CLANG_ANALYZER_NONNULL = YES;
				CLANG_ANALYZER_NUMBER_OBJECT_CONVERSION = YES_AGGRESSIVE;
				CLANG_CXX_LANGUAGE_STANDARD = "gnu++17";
				CLANG_CXX_LIBRARY = "libc++";
				CLANG_ENABLE_MODULES = YES;
				CLANG_ENABLE_OBJC_ARC = YES;
				CLANG_ENABLE_OBJC_WEAK = YES;
				CLANG_WARN_BLOCK_CAPTURE_AUTORELEASING = YES;
				CLANG_WARN_BOOL_CONVERSION = YES;
				CLANG_WARN_COMMA = YES;
				CLANG_WARN_CONSTANT_CONVERSION = YES;
				CLANG_WARN_DEPRECATED_OBJC_IMPLEMENTATIONS = YES;
				CLANG_WARN_DIRECT_OBJC_ISA_USAGE = YES_ERROR;
				CLANG_WARN_DOCUMENTATION_COMMENTS = YES;
				CLANG_WARN_EMPTY_BODY = YES;
				CLANG_WARN_ENUM_CONVERSION = YES;
				CLANG_WARN_INFINITE_RECURSION = YES;
				CLANG_WARN_INT_CONVERSION = YES;
				CLANG_WARN_NON_LITERAL_NULL_CONVERSION = YES;
				CLANG_WARN_OBJC_IMPLICIT_RETAIN_SELF = YES;
				CLANG_WARN_OBJC_LITERAL_CONVERSION = YES;
				CLANG_WARN_OBJC_ROOT_CLASS = YES_ERROR;
				CLANG_WARN_QUOTED_INCLUDE_IN_FRAMEWORK_HEADER = YES;
				CLANG_WARN_RANGE_LOOP_ANALYSIS = YES;
				CLANG_WARN_STRICT_PROTOTYPES = YES;
				CLANG_WARN_SUSPICIOUS_MOVE = YES;
				CLANG_WARN_UNGUARDED_AVAILABILITY = YES_AGGRESSIVE;
				CLANG_WARN_UNREACHABLE_CODE = YES;
				CLANG_WARN__DUPLICATE_METHOD_MATCH = YES;
				COPY_PHASE_STRIP = NO;
				DEBUG_INFORMATION_FORMAT = dwarf;
				ENABLE_STRICT_OBJC_MSGSEND = YES;
				ENABLE_TESTABILITY = YES;
				GCC_C_LANGUAGE_STANDARD = gnu11;
				GCC_DYNAMIC_NO_PIC = NO;
				GCC_NO_COMMON_BLOCKS = YES;
				GCC_OPTIMIZATION_LEVEL = 0;
				GCC_PREPROCESSOR_DEFINITIONS = (
					"DEBUG=1",
					"$(inherited)",
				);
				GCC_WARN_64_TO_32_BIT_CONVERSION = YES;
				GCC_WARN_ABOUT_RETURN_TYPE = YES_ERROR;
				GCC_WARN_UNDECLARED_SELECTOR = YES;
				GCC_WARN_UNINITIALIZED_AUTOS = YES_AGGRESSIVE;
				GCC_WARN_UNUSED_FUNCTION = YES;
				GCC_WARN_UNUSED_VARIABLE = YES;
				IPHONEOS_DEPLOYMENT_TARGET = 15.2;
				MTL_ENABLE_DEBUG_INFO = INCLUDE_SOURCE;
				MTL_FAST_MATH = YES;
				ONLY_ACTIVE_ARCH = YES;
				SDKROOT = iphoneos;
				SWIFT_ACTIVE_COMPILATION_CONDITIONS = DEBUG;
				SWIFT_OPTIMIZATION_LEVEL = "-Onone";
			};
			name = Debug;
		};
		880849E827ABBD340006EC4F /* Release */ = {
			isa = XCBuildConfiguration;
			buildSettings = {
				ALWAYS_SEARCH_USER_PATHS = NO;
				CLANG_ANALYZER_NONNULL = YES;
				CLANG_ANALYZER_NUMBER_OBJECT_CONVERSION = YES_AGGRESSIVE;
				CLANG_CXX_LANGUAGE_STANDARD = "gnu++17";
				CLANG_CXX_LIBRARY = "libc++";
				CLANG_ENABLE_MODULES = YES;
				CLANG_ENABLE_OBJC_ARC = YES;
				CLANG_ENABLE_OBJC_WEAK = YES;
				CLANG_WARN_BLOCK_CAPTURE_AUTORELEASING = YES;
				CLANG_WARN_BOOL_CONVERSION = YES;
				CLANG_WARN_COMMA = YES;
				CLANG_WARN_CONSTANT_CONVERSION = YES;
				CLANG_WARN_DEPRECATED_OBJC_IMPLEMENTATIONS = YES;
				CLANG_WARN_DIRECT_OBJC_ISA_USAGE = YES_ERROR;
				CLANG_WARN_DOCUMENTATION_COMMENTS = YES;
				CLANG_WARN_EMPTY_BODY = YES;
				CLANG_WARN_ENUM_CONVERSION = YES;
				CLANG_WARN_INFINITE_RECURSION = YES;
				CLANG_WARN_INT_CONVERSION = YES;
				CLANG_WARN_NON_LITERAL_NULL_CONVERSION = YES;
				CLANG_WARN_OBJC_IMPLICIT_RETAIN_SELF = YES;
				CLANG_WARN_OBJC_LITERAL_CONVERSION = YES;
				CLANG_WARN_OBJC_ROOT_CLASS = YES_ERROR;
				CLANG_WARN_QUOTED_INCLUDE_IN_FRAMEWORK_HEADER = YES;
				CLANG_WARN_RANGE_LOOP_ANALYSIS = YES;
				CLANG_WARN_STRICT_PROTOTYPES = YES;
				CLANG_WARN_SUSPICIOUS_MOVE = YES;
				CLANG_WARN_UNGUARDED_AVAILABILITY = YES_AGGRESSIVE;
				CLANG_WARN_UNREACHABLE_CODE = YES;
				CLANG_WARN__DUPLICATE_METHOD_MATCH = YES;
				COPY_PHASE_STRIP = NO;
				DEBUG_INFORMATION_FORMAT = "dwarf-with-dsym";
				ENABLE_NS_ASSERTIONS = NO;
				ENABLE_STRICT_OBJC_MSGSEND = YES;
				GCC_C_LANGUAGE_STANDARD = gnu11;
				GCC_NO_COMMON_BLOCKS = YES;
				GCC_WARN_64_TO_32_BIT_CONVERSION = YES;
				GCC_WARN_ABOUT_RETURN_TYPE = YES_ERROR;
				GCC_WARN_UNDECLARED_SELECTOR = YES;
				GCC_WARN_UNINITIALIZED_AUTOS = YES_AGGRESSIVE;
				GCC_WARN_UNUSED_FUNCTION = YES;
				GCC_WARN_UNUSED_VARIABLE = YES;
				IPHONEOS_DEPLOYMENT_TARGET = 15.2;
				MTL_ENABLE_DEBUG_INFO = NO;
				MTL_FAST_MATH = YES;
				SDKROOT = iphoneos;
				SWIFT_COMPILATION_MODE = wholemodule;
				SWIFT_OPTIMIZATION_LEVEL = "-O";
				VALIDATE_PRODUCT = YES;
			};
			name = Release;
		};
		880849EA27ABBD340006EC4F /* Debug */ = {
			isa = XCBuildConfiguration;
			buildSettings = {
				ASSETCATALOG_COMPILER_APPICON_NAME = AppIcon;
				ASSETCATALOG_COMPILER_GLOBAL_ACCENT_COLOR_NAME = AccentColor;
				CODE_SIGN_STYLE = Automatic;
				CURRENT_PROJECT_VERSION = 1;
				DEVELOPMENT_ASSET_PATHS = "\"FullCast/Preview Content\"";
				DEVELOPMENT_TEAM = 5Q2G7C7C3U;
				ENABLE_PREVIEWS = YES;
				GENERATE_INFOPLIST_FILE = YES;
				INFOPLIST_FILE = FullCast/Info.plist;
				INFOPLIST_KEY_NSMicrophoneUsageDescription = "We need to access to microphone to record the voice.";
				INFOPLIST_KEY_UIApplicationSceneManifest_Generation = YES;
				INFOPLIST_KEY_UIApplicationSupportsIndirectInputEvents = YES;
				INFOPLIST_KEY_UILaunchScreen_Generation = YES;
				INFOPLIST_KEY_UISupportedInterfaceOrientations_iPad = "UIInterfaceOrientationPortrait UIInterfaceOrientationPortraitUpsideDown UIInterfaceOrientationLandscapeLeft UIInterfaceOrientationLandscapeRight";
				INFOPLIST_KEY_UISupportedInterfaceOrientations_iPhone = "UIInterfaceOrientationPortrait UIInterfaceOrientationLandscapeLeft UIInterfaceOrientationLandscapeRight";
				IPHONEOS_DEPLOYMENT_TARGET = 14.0;
				LD_RUNPATH_SEARCH_PATHS = (
					"$(inherited)",
					"@executable_path/Frameworks",
				);
				MARKETING_VERSION = 1.0;
				PRODUCT_BUNDLE_IDENTIFIER = com.full.FullCast;
				PRODUCT_NAME = "$(TARGET_NAME)";
				SWIFT_EMIT_LOC_STRINGS = YES;
				SWIFT_VERSION = 5.0;
				TARGETED_DEVICE_FAMILY = "1,2";
			};
			name = Debug;
		};
		880849EB27ABBD340006EC4F /* Release */ = {
			isa = XCBuildConfiguration;
			buildSettings = {
				ASSETCATALOG_COMPILER_APPICON_NAME = AppIcon;
				ASSETCATALOG_COMPILER_GLOBAL_ACCENT_COLOR_NAME = AccentColor;
				CODE_SIGN_STYLE = Automatic;
				CURRENT_PROJECT_VERSION = 1;
				DEVELOPMENT_ASSET_PATHS = "\"FullCast/Preview Content\"";
				DEVELOPMENT_TEAM = 5Q2G7C7C3U;
				ENABLE_PREVIEWS = YES;
				GENERATE_INFOPLIST_FILE = YES;
				INFOPLIST_FILE = FullCast/Info.plist;
				INFOPLIST_KEY_NSMicrophoneUsageDescription = "We need to access to microphone to record the voice.";
				INFOPLIST_KEY_UIApplicationSceneManifest_Generation = YES;
				INFOPLIST_KEY_UIApplicationSupportsIndirectInputEvents = YES;
				INFOPLIST_KEY_UILaunchScreen_Generation = YES;
				INFOPLIST_KEY_UISupportedInterfaceOrientations_iPad = "UIInterfaceOrientationPortrait UIInterfaceOrientationPortraitUpsideDown UIInterfaceOrientationLandscapeLeft UIInterfaceOrientationLandscapeRight";
				INFOPLIST_KEY_UISupportedInterfaceOrientations_iPhone = "UIInterfaceOrientationPortrait UIInterfaceOrientationLandscapeLeft UIInterfaceOrientationLandscapeRight";
				IPHONEOS_DEPLOYMENT_TARGET = 14.0;
				LD_RUNPATH_SEARCH_PATHS = (
					"$(inherited)",
					"@executable_path/Frameworks",
				);
				MARKETING_VERSION = 1.0;
				PRODUCT_BUNDLE_IDENTIFIER = com.full.FullCast;
				PRODUCT_NAME = "$(TARGET_NAME)";
				SWIFT_EMIT_LOC_STRINGS = YES;
				SWIFT_VERSION = 5.0;
				TARGETED_DEVICE_FAMILY = "1,2";
			};
			name = Release;
		};
		8862A92A27BA19E300B0A9DF /* Debug */ = {
			isa = XCBuildConfiguration;
			buildSettings = {
				BUNDLE_LOADER = "$(TEST_HOST)";
				CODE_SIGN_STYLE = Automatic;
				CURRENT_PROJECT_VERSION = 1;
				DEVELOPMENT_TEAM = 5Q2G7C7C3U;
				GENERATE_INFOPLIST_FILE = YES;
				MARKETING_VERSION = 1.0;
				PRODUCT_BUNDLE_IDENTIFIER = com.vishwa.FullCastTests;
				PRODUCT_NAME = "$(TARGET_NAME)";
				SWIFT_EMIT_LOC_STRINGS = NO;
				SWIFT_VERSION = 5.0;
				TARGETED_DEVICE_FAMILY = "1,2";
				TEST_HOST = "$(BUILT_PRODUCTS_DIR)/FullCast.app/FullCast";
			};
			name = Debug;
		};
		8862A92B27BA19E300B0A9DF /* Release */ = {
			isa = XCBuildConfiguration;
			buildSettings = {
				BUNDLE_LOADER = "$(TEST_HOST)";
				CODE_SIGN_STYLE = Automatic;
				CURRENT_PROJECT_VERSION = 1;
				DEVELOPMENT_TEAM = 5Q2G7C7C3U;
				GENERATE_INFOPLIST_FILE = YES;
				MARKETING_VERSION = 1.0;
				PRODUCT_BUNDLE_IDENTIFIER = com.vishwa.FullCastTests;
				PRODUCT_NAME = "$(TARGET_NAME)";
				SWIFT_EMIT_LOC_STRINGS = NO;
				SWIFT_VERSION = 5.0;
				TARGETED_DEVICE_FAMILY = "1,2";
				TEST_HOST = "$(BUILT_PRODUCTS_DIR)/FullCast.app/FullCast";
			};
			name = Release;
		};
/* End XCBuildConfiguration section */

/* Begin XCConfigurationList section */
		880849D127ABBD310006EC4F /* Build configuration list for PBXProject "FullCast" */ = {
			isa = XCConfigurationList;
			buildConfigurations = (
				880849E727ABBD340006EC4F /* Debug */,
				880849E827ABBD340006EC4F /* Release */,
			);
			defaultConfigurationIsVisible = 0;
			defaultConfigurationName = Release;
		};
		880849E927ABBD340006EC4F /* Build configuration list for PBXNativeTarget "FullCast" */ = {
			isa = XCConfigurationList;
			buildConfigurations = (
				880849EA27ABBD340006EC4F /* Debug */,
				880849EB27ABBD340006EC4F /* Release */,
			);
			defaultConfigurationIsVisible = 0;
			defaultConfigurationName = Release;
		};
		8862A92C27BA19E300B0A9DF /* Build configuration list for PBXNativeTarget "FullCastTests" */ = {
			isa = XCConfigurationList;
			buildConfigurations = (
				8862A92A27BA19E300B0A9DF /* Debug */,
				8862A92B27BA19E300B0A9DF /* Release */,
			);
			defaultConfigurationIsVisible = 0;
			defaultConfigurationName = Release;
		};
/* End XCConfigurationList section */

/* Begin XCVersionGroup section */
		886874AE27AFB67900BF2692 /* FullCast.xcdatamodeld */ = {
			isa = XCVersionGroup;
			children = (
				886874AF27AFB67900BF2692 /* FullCast.xcdatamodel */,
			);
			currentVersion = 886874AF27AFB67900BF2692 /* FullCast.xcdatamodel */;
			path = FullCast.xcdatamodeld;
			sourceTree = "<group>";
			versionGroupType = wrapper.xcdatamodel;
		};
/* End XCVersionGroup section */
	};
	rootObject = 880849CE27ABBD310006EC4F /* Project object */;
}
