// !$*UTF8*$!
{
	archiveVersion = 1;
	classes = {
	};
	objectVersion = 55;
	objects = {

/* Begin PBXBuildFile section */
		880849DA27ABBD310006EC4F /* FullCastApp.swift in Sources */ = {isa = PBXBuildFile; fileRef = 880849D927ABBD310006EC4F /* FullCastApp.swift */; };
		880849DC27ABBD310006EC4F /* LoginView.swift in Sources */ = {isa = PBXBuildFile; fileRef = 880849DB27ABBD310006EC4F /* LoginView.swift */; };
		880849DE27ABBD340006EC4F /* Assets.xcassets in Resources */ = {isa = PBXBuildFile; fileRef = 880849DD27ABBD340006EC4F /* Assets.xcassets */; };
		880849E127ABBD340006EC4F /* Preview Assets.xcassets in Resources */ = {isa = PBXBuildFile; fileRef = 880849E027ABBD340006EC4F /* Preview Assets.xcassets */; };
		880849E327ABBD340006EC4F /* Persistence.swift in Sources */ = {isa = PBXBuildFile; fileRef = 880849E227ABBD340006EC4F /* Persistence.swift */; };
		880849E627ABBD340006EC4F /* FullCast.xcdatamodeld in Sources */ = {isa = PBXBuildFile; fileRef = 880849E427ABBD340006EC4F /* FullCast.xcdatamodeld */; };
		880849F127ABE28A0006EC4F /* SignUpView.swift in Sources */ = {isa = PBXBuildFile; fileRef = 880849F027ABE28A0006EC4F /* SignUpView.swift */; };
		880849F427ABE4A50006EC4F /* PrimaryButton.swift in Sources */ = {isa = PBXBuildFile; fileRef = 880849F327ABE4A50006EC4F /* PrimaryButton.swift */; };
/* End PBXBuildFile section */

/* Begin PBXFileReference section */
		880849D627ABBD310006EC4F /* FullCast.app */ = {isa = PBXFileReference; explicitFileType = wrapper.application; includeInIndex = 0; path = FullCast.app; sourceTree = BUILT_PRODUCTS_DIR; };
		880849D927ABBD310006EC4F /* FullCastApp.swift */ = {isa = PBXFileReference; lastKnownFileType = sourcecode.swift; path = FullCastApp.swift; sourceTree = "<group>"; };
		880849DB27ABBD310006EC4F /* LoginView.swift */ = {isa = PBXFileReference; lastKnownFileType = sourcecode.swift; path = LoginView.swift; sourceTree = "<group>"; };
		880849DD27ABBD340006EC4F /* Assets.xcassets */ = {isa = PBXFileReference; lastKnownFileType = folder.assetcatalog; path = Assets.xcassets; sourceTree = "<group>"; };
		880849E027ABBD340006EC4F /* Preview Assets.xcassets */ = {isa = PBXFileReference; lastKnownFileType = folder.assetcatalog; path = "Preview Assets.xcassets"; sourceTree = "<group>"; };
		880849E227ABBD340006EC4F /* Persistence.swift */ = {isa = PBXFileReference; lastKnownFileType = sourcecode.swift; path = Persistence.swift; sourceTree = "<group>"; };
		880849E527ABBD340006EC4F /* FullCast.xcdatamodel */ = {isa = PBXFileReference; lastKnownFileType = wrapper.xcdatamodel; path = FullCast.xcdatamodel; sourceTree = "<group>"; };
		880849F027ABE28A0006EC4F /* SignUpView.swift */ = {isa = PBXFileReference; lastKnownFileType = sourcecode.swift; path = SignUpView.swift; sourceTree = "<group>"; };
		880849F327ABE4A50006EC4F /* PrimaryButton.swift */ = {isa = PBXFileReference; lastKnownFileType = sourcecode.swift; path = PrimaryButton.swift; sourceTree = "<group>"; };
/* End PBXFileReference section */

/* Begin PBXFrameworksBuildPhase section */
		880849D327ABBD310006EC4F /* Frameworks */ = {
			isa = PBXFrameworksBuildPhase;
			buildActionMask = 2147483647;
			files = (
			);
			runOnlyForDeploymentPostprocessing = 0;
		};
/* End PBXFrameworksBuildPhase section */

/* Begin PBXGroup section */
		880849CD27ABBD310006EC4F = {
			isa = PBXGroup;
			children = (
				880849D827ABBD310006EC4F /* FullCast */,
				880849D727ABBD310006EC4F /* Products */,
			);
			sourceTree = "<group>";
		};
		880849D727ABBD310006EC4F /* Products */ = {
			isa = PBXGroup;
			children = (
				880849D627ABBD310006EC4F /* FullCast.app */,
			);
			name = Products;
			sourceTree = "<group>";
		};
		880849D827ABBD310006EC4F /* FullCast */ = {
			isa = PBXGroup;
			children = (
				880849D927ABBD310006EC4F /* FullCastApp.swift */,
				880849E227ABBD340006EC4F /* Persistence.swift */,
				880849ED27ABC3140006EC4F /* Model */,
				880849EC27ABC30B0006EC4F /* View */,
				880849EE27ABC31D0006EC4F /* ViewModel */,
				880849F227ABE4720006EC4F /* Components */,
				880849DD27ABBD340006EC4F /* Assets.xcassets */,
				880849E427ABBD340006EC4F /* FullCast.xcdatamodeld */,
				880849DF27ABBD340006EC4F /* Preview Content */,
			);
			path = FullCast;
			sourceTree = "<group>";
		};
		880849DF27ABBD340006EC4F /* Preview Content */ = {
			isa = PBXGroup;
			children = (
				880849E027ABBD340006EC4F /* Preview Assets.xcassets */,
			);
			path = "Preview Content";
			sourceTree = "<group>";
		};
		880849EC27ABC30B0006EC4F /* View */ = {
			isa = PBXGroup;
			children = (
				880849EF27ABC32C0006EC4F /* Authentication */,
			);
			path = View;
			sourceTree = "<group>";
		};
		880849ED27ABC3140006EC4F /* Model */ = {
			isa = PBXGroup;
			children = (
			);
			path = Model;
			sourceTree = "<group>";
		};
		880849EE27ABC31D0006EC4F /* ViewModel */ = {
			isa = PBXGroup;
			children = (
			);
			path = ViewModel;
			sourceTree = "<group>";
		};
		880849EF27ABC32C0006EC4F /* Authentication */ = {
			isa = PBXGroup;
			children = (
				880849DB27ABBD310006EC4F /* LoginView.swift */,
				880849F027ABE28A0006EC4F /* SignUpView.swift */,
			);
			path = Authentication;
			sourceTree = "<group>";
		};
		880849F227ABE4720006EC4F /* Components */ = {
			isa = PBXGroup;
			children = (
				880849F327ABE4A50006EC4F /* PrimaryButton.swift */,
			);
			path = Components;
			sourceTree = "<group>";
		};
/* End PBXGroup section */

/* Begin PBXNativeTarget section */
		880849D527ABBD310006EC4F /* FullCast */ = {
			isa = PBXNativeTarget;
			buildConfigurationList = 880849E927ABBD340006EC4F /* Build configuration list for PBXNativeTarget "FullCast" */;
			buildPhases = (
				880849D227ABBD310006EC4F /* Sources */,
				880849D327ABBD310006EC4F /* Frameworks */,
				880849D427ABBD310006EC4F /* Resources */,
			);
			buildRules = (
			);
			dependencies = (
			);
			name = FullCast;
			productName = FullCast;
			productReference = 880849D627ABBD310006EC4F /* FullCast.app */;
			productType = "com.apple.product-type.application";
		};
/* End PBXNativeTarget section */

/* Begin PBXProject section */
		880849CE27ABBD310006EC4F /* Project object */ = {
			isa = PBXProject;
			attributes = {
				BuildIndependentTargetsInParallel = 1;
				LastSwiftUpdateCheck = 1320;
				LastUpgradeCheck = 1320;
				TargetAttributes = {
					880849D527ABBD310006EC4F = {
						CreatedOnToolsVersion = 13.2.1;
					};
				};
			};
			buildConfigurationList = 880849D127ABBD310006EC4F /* Build configuration list for PBXProject "FullCast" */;
			compatibilityVersion = "Xcode 13.0";
			developmentRegion = en;
			hasScannedForEncodings = 0;
			knownRegions = (
				en,
				Base,
			);
			mainGroup = 880849CD27ABBD310006EC4F;
			productRefGroup = 880849D727ABBD310006EC4F /* Products */;
			projectDirPath = "";
			projectRoot = "";
			targets = (
				880849D527ABBD310006EC4F /* FullCast */,
			);
		};
/* End PBXProject section */

/* Begin PBXResourcesBuildPhase section */
		880849D427ABBD310006EC4F /* Resources */ = {
			isa = PBXResourcesBuildPhase;
			buildActionMask = 2147483647;
			files = (
				880849E127ABBD340006EC4F /* Preview Assets.xcassets in Resources */,
				880849DE27ABBD340006EC4F /* Assets.xcassets in Resources */,
			);
			runOnlyForDeploymentPostprocessing = 0;
		};
/* End PBXResourcesBuildPhase section */

/* Begin PBXSourcesBuildPhase section */
		880849D227ABBD310006EC4F /* Sources */ = {
			isa = PBXSourcesBuildPhase;
			buildActionMask = 2147483647;
			files = (
				880849F427ABE4A50006EC4F /* PrimaryButton.swift in Sources */,
				880849E327ABBD340006EC4F /* Persistence.swift in Sources */,
				880849F127ABE28A0006EC4F /* SignUpView.swift in Sources */,
				880849DC27ABBD310006EC4F /* LoginView.swift in Sources */,
				880849DA27ABBD310006EC4F /* FullCastApp.swift in Sources */,
				880849E627ABBD340006EC4F /* FullCast.xcdatamodeld in Sources */,
			);
			runOnlyForDeploymentPostprocessing = 0;
		};
/* End PBXSourcesBuildPhase section */

/* Begin XCBuildConfiguration section */
		880849E727ABBD340006EC4F /* Debug */ = {
			isa = XCBuildConfiguration;
			buildSettings = {
				ALWAYS_SEARCH_USER_PATHS = NO;
				CLANG_ANALYZER_NONNULL = YES;
				CLANG_ANALYZER_NUMBER_OBJECT_CONVERSION = YES_AGGRESSIVE;
				CLANG_CXX_LANGUAGE_STANDARD = "gnu++17";
				CLANG_CXX_LIBRARY = "libc++";
				CLANG_ENABLE_MODULES = YES;
				CLANG_ENABLE_OBJC_ARC = YES;
				CLANG_ENABLE_OBJC_WEAK = YES;
				CLANG_WARN_BLOCK_CAPTURE_AUTORELEASING = YES;
				CLANG_WARN_BOOL_CONVERSION = YES;
				CLANG_WARN_COMMA = YES;
				CLANG_WARN_CONSTANT_CONVERSION = YES;
				CLANG_WARN_DEPRECATED_OBJC_IMPLEMENTATIONS = YES;
				CLANG_WARN_DIRECT_OBJC_ISA_USAGE = YES_ERROR;
				CLANG_WARN_DOCUMENTATION_COMMENTS = YES;
				CLANG_WARN_EMPTY_BODY = YES;
				CLANG_WARN_ENUM_CONVERSION = YES;
				CLANG_WARN_INFINITE_RECURSION = YES;
				CLANG_WARN_INT_CONVERSION = YES;
				CLANG_WARN_NON_LITERAL_NULL_CONVERSION = YES;
				CLANG_WARN_OBJC_IMPLICIT_RETAIN_SELF = YES;
				CLANG_WARN_OBJC_LITERAL_CONVERSION = YES;
				CLANG_WARN_OBJC_ROOT_CLASS = YES_ERROR;
				CLANG_WARN_QUOTED_INCLUDE_IN_FRAMEWORK_HEADER = YES;
				CLANG_WARN_RANGE_LOOP_ANALYSIS = YES;
				CLANG_WARN_STRICT_PROTOTYPES = YES;
				CLANG_WARN_SUSPICIOUS_MOVE = YES;
				CLANG_WARN_UNGUARDED_AVAILABILITY = YES_AGGRESSIVE;
				CLANG_WARN_UNREACHABLE_CODE = YES;
				CLANG_WARN__DUPLICATE_METHOD_MATCH = YES;
				COPY_PHASE_STRIP = NO;
				DEBUG_INFORMATION_FORMAT = dwarf;
				ENABLE_STRICT_OBJC_MSGSEND = YES;
				ENABLE_TESTABILITY = YES;
				GCC_C_LANGUAGE_STANDARD = gnu11;
				GCC_DYNAMIC_NO_PIC = NO;
				GCC_NO_COMMON_BLOCKS = YES;
				GCC_OPTIMIZATION_LEVEL = 0;
				GCC_PREPROCESSOR_DEFINITIONS = (
					"DEBUG=1",
					"$(inherited)",
				);
				GCC_WARN_64_TO_32_BIT_CONVERSION = YES;
				GCC_WARN_ABOUT_RETURN_TYPE = YES_ERROR;
				GCC_WARN_UNDECLARED_SELECTOR = YES;
				GCC_WARN_UNINITIALIZED_AUTOS = YES_AGGRESSIVE;
				GCC_WARN_UNUSED_FUNCTION = YES;
				GCC_WARN_UNUSED_VARIABLE = YES;
				IPHONEOS_DEPLOYMENT_TARGET = 15.2;
				MTL_ENABLE_DEBUG_INFO = INCLUDE_SOURCE;
				MTL_FAST_MATH = YES;
				ONLY_ACTIVE_ARCH = YES;
				SDKROOT = iphoneos;
				SWIFT_ACTIVE_COMPILATION_CONDITIONS = DEBUG;
				SWIFT_OPTIMIZATION_LEVEL = "-Onone";
			};
			name = Debug;
		};
		880849E827ABBD340006EC4F /* Release */ = {
			isa = XCBuildConfiguration;
			buildSettings = {
				ALWAYS_SEARCH_USER_PATHS = NO;
				CLANG_ANALYZER_NONNULL = YES;
				CLANG_ANALYZER_NUMBER_OBJECT_CONVERSION = YES_AGGRESSIVE;
				CLANG_CXX_LANGUAGE_STANDARD = "gnu++17";
				CLANG_CXX_LIBRARY = "libc++";
				CLANG_ENABLE_MODULES = YES;
				CLANG_ENABLE_OBJC_ARC = YES;
				CLANG_ENABLE_OBJC_WEAK = YES;
				CLANG_WARN_BLOCK_CAPTURE_AUTORELEASING = YES;
				CLANG_WARN_BOOL_CONVERSION = YES;
				CLANG_WARN_COMMA = YES;
				CLANG_WARN_CONSTANT_CONVERSION = YES;
				CLANG_WARN_DEPRECATED_OBJC_IMPLEMENTATIONS = YES;
				CLANG_WARN_DIRECT_OBJC_ISA_USAGE = YES_ERROR;
				CLANG_WARN_DOCUMENTATION_COMMENTS = YES;
				CLANG_WARN_EMPTY_BODY = YES;
				CLANG_WARN_ENUM_CONVERSION = YES;
				CLANG_WARN_INFINITE_RECURSION = YES;
				CLANG_WARN_INT_CONVERSION = YES;
				CLANG_WARN_NON_LITERAL_NULL_CONVERSION = YES;
				CLANG_WARN_OBJC_IMPLICIT_RETAIN_SELF = YES;
				CLANG_WARN_OBJC_LITERAL_CONVERSION = YES;
				CLANG_WARN_OBJC_ROOT_CLASS = YES_ERROR;
				CLANG_WARN_QUOTED_INCLUDE_IN_FRAMEWORK_HEADER = YES;
				CLANG_WARN_RANGE_LOOP_ANALYSIS = YES;
				CLANG_WARN_STRICT_PROTOTYPES = YES;
				CLANG_WARN_SUSPICIOUS_MOVE = YES;
				CLANG_WARN_UNGUARDED_AVAILABILITY = YES_AGGRESSIVE;
				CLANG_WARN_UNREACHABLE_CODE = YES;
				CLANG_WARN__DUPLICATE_METHOD_MATCH = YES;
				COPY_PHASE_STRIP = NO;
				DEBUG_INFORMATION_FORMAT = "dwarf-with-dsym";
				ENABLE_NS_ASSERTIONS = NO;
				ENABLE_STRICT_OBJC_MSGSEND = YES;
				GCC_C_LANGUAGE_STANDARD = gnu11;
				GCC_NO_COMMON_BLOCKS = YES;
				GCC_WARN_64_TO_32_BIT_CONVERSION = YES;
				GCC_WARN_ABOUT_RETURN_TYPE = YES_ERROR;
				GCC_WARN_UNDECLARED_SELECTOR = YES;
				GCC_WARN_UNINITIALIZED_AUTOS = YES_AGGRESSIVE;
				GCC_WARN_UNUSED_FUNCTION = YES;
				GCC_WARN_UNUSED_VARIABLE = YES;
				IPHONEOS_DEPLOYMENT_TARGET = 15.2;
				MTL_ENABLE_DEBUG_INFO = NO;
				MTL_FAST_MATH = YES;
				SDKROOT = iphoneos;
				SWIFT_COMPILATION_MODE = wholemodule;
				SWIFT_OPTIMIZATION_LEVEL = "-O";
				VALIDATE_PRODUCT = YES;
			};
			name = Release;
		};
		880849EA27ABBD340006EC4F /* Debug */ = {
			isa = XCBuildConfiguration;
			buildSettings = {
				ASSETCATALOG_COMPILER_APPICON_NAME = AppIcon;
				ASSETCATALOG_COMPILER_GLOBAL_ACCENT_COLOR_NAME = AccentColor;
				CODE_SIGN_STYLE = Automatic;
				CURRENT_PROJECT_VERSION = 1;
				DEVELOPMENT_ASSET_PATHS = "\"FullCast/Preview Content\"";
				DEVELOPMENT_TEAM = 5Q2G7C7C3U;
				ENABLE_PREVIEWS = YES;
				GENERATE_INFOPLIST_FILE = YES;
				INFOPLIST_KEY_UIApplicationSceneManifest_Generation = YES;
				INFOPLIST_KEY_UIApplicationSupportsIndirectInputEvents = YES;
				INFOPLIST_KEY_UILaunchScreen_Generation = YES;
				INFOPLIST_KEY_UISupportedInterfaceOrientations_iPad = "UIInterfaceOrientationPortrait UIInterfaceOrientationPortraitUpsideDown UIInterfaceOrientationLandscapeLeft UIInterfaceOrientationLandscapeRight";
				INFOPLIST_KEY_UISupportedInterfaceOrientations_iPhone = "UIInterfaceOrientationPortrait UIInterfaceOrientationLandscapeLeft UIInterfaceOrientationLandscapeRight";
				LD_RUNPATH_SEARCH_PATHS = (
					"$(inherited)",
					"@executable_path/Frameworks",
				);
				MARKETING_VERSION = 1.0;
				PRODUCT_BUNDLE_IDENTIFIER = com.vishwa.FullCast;
				PRODUCT_NAME = "$(TARGET_NAME)";
				SWIFT_EMIT_LOC_STRINGS = YES;
				SWIFT_VERSION = 5.0;
				TARGETED_DEVICE_FAMILY = "1,2";
			};
			name = Debug;
		};
		880849EB27ABBD340006EC4F /* Release */ = {
			isa = XCBuildConfiguration;
			buildSettings = {
				ASSETCATALOG_COMPILER_APPICON_NAME = AppIcon;
				ASSETCATALOG_COMPILER_GLOBAL_ACCENT_COLOR_NAME = AccentColor;
				CODE_SIGN_STYLE = Automatic;
				CURRENT_PROJECT_VERSION = 1;
				DEVELOPMENT_ASSET_PATHS = "\"FullCast/Preview Content\"";
				DEVELOPMENT_TEAM = 5Q2G7C7C3U;
				ENABLE_PREVIEWS = YES;
				GENERATE_INFOPLIST_FILE = YES;
				INFOPLIST_KEY_UIApplicationSceneManifest_Generation = YES;
				INFOPLIST_KEY_UIApplicationSupportsIndirectInputEvents = YES;
				INFOPLIST_KEY_UILaunchScreen_Generation = YES;
				INFOPLIST_KEY_UISupportedInterfaceOrientations_iPad = "UIInterfaceOrientationPortrait UIInterfaceOrientationPortraitUpsideDown UIInterfaceOrientationLandscapeLeft UIInterfaceOrientationLandscapeRight";
				INFOPLIST_KEY_UISupportedInterfaceOrientations_iPhone = "UIInterfaceOrientationPortrait UIInterfaceOrientationLandscapeLeft UIInterfaceOrientationLandscapeRight";
				LD_RUNPATH_SEARCH_PATHS = (
					"$(inherited)",
					"@executable_path/Frameworks",
				);
				MARKETING_VERSION = 1.0;
				PRODUCT_BUNDLE_IDENTIFIER = com.vishwa.FullCast;
				PRODUCT_NAME = "$(TARGET_NAME)";
				SWIFT_EMIT_LOC_STRINGS = YES;
				SWIFT_VERSION = 5.0;
				TARGETED_DEVICE_FAMILY = "1,2";
			};
			name = Release;
		};
/* End XCBuildConfiguration section */

/* Begin XCConfigurationList section */
		880849D127ABBD310006EC4F /* Build configuration list for PBXProject "FullCast" */ = {
			isa = XCConfigurationList;
			buildConfigurations = (
				880849E727ABBD340006EC4F /* Debug */,
				880849E827ABBD340006EC4F /* Release */,
			);
			defaultConfigurationIsVisible = 0;
			defaultConfigurationName = Release;
		};
		880849E927ABBD340006EC4F /* Build configuration list for PBXNativeTarget "FullCast" */ = {
			isa = XCConfigurationList;
			buildConfigurations = (
				880849EA27ABBD340006EC4F /* Debug */,
				880849EB27ABBD340006EC4F /* Release */,
			);
			defaultConfigurationIsVisible = 0;
			defaultConfigurationName = Release;
		};
/* End XCConfigurationList section */

/* Begin XCVersionGroup section */
		880849E427ABBD340006EC4F /* FullCast.xcdatamodeld */ = {
			isa = XCVersionGroup;
			children = (
				880849E527ABBD340006EC4F /* FullCast.xcdatamodel */,
			);
			currentVersion = 880849E527ABBD340006EC4F /* FullCast.xcdatamodel */;
			path = FullCast.xcdatamodeld;
			sourceTree = "<group>";
			versionGroupType = wrapper.xcdatamodel;
		};
/* End XCVersionGroup section */
	};
	rootObject = 880849CE27ABBD310006EC4F /* Project object */;
}
